{
  "nodes": {
    "ferrix": {
      "locked": {
        "lastModified": 1761336283,
        "narHash": "sha256-9BW8dsWuYxlRmNCH1xr+OrCuKyE4uz5rBCzEloKtc+Y=",
        "owner": "ryanccn",
        "repo": "ferrix",
        "rev": "a60d9c9daef5895e7e6f4c8fb88d970b5825dd3e",
        "type": "github"
      },
      "original": {
        "owner": "ryanccn",
        "repo": "ferrix",
        "type": "github"
      }
    },
    "nixpkgs": {
      "locked": {
        "lastModified": 1766747458,
        "narHash": "sha256-m63jjuo/ygo8ztkCziYh5OOIbTSXUDkKbqw3Vuqu4a4=",
        "owner": "NixOS",
        "repo": "nixpkgs",
        "rev": "c633f572eded8c4f3c75b8010129854ed404a6ce",
        "type": "github"
      },
      "original": {
        "owner": "NixOS",
        "ref": "nixpkgs-unstable",
        "repo": "nixpkgs",
        "type": "github"
      }
    },
    "root": {
      "inputs": {
        "ferrix": "ferrix",
        "nixpkgs": "nixpkgs"
      }
    }
  },
  "root": "root",
  "version": 7
}
