{
  "nodes": {
    "nixpkgs": {
      "locked": {
        "lastModified": 1694669921,
        "narHash": "sha256-6ESpJ6FsftHV96JO/zn6je07tyV2dlLR7SdLsmkegTY=",
        "owner": "NixOS",
        "repo": "nixpkgs",
        "rev": "f2ea252d23ebc9a5336bf6a61e0644921f64e67c",
        "type": "github"
      },
      "original": {
        "owner": "NixOS",
        "ref": "nixos-unstable",
        "repo": "nixpkgs",
        "type": "github"
      }
    },
    "root": {
      "inputs": {
        "nixpkgs": "nixpkgs"
      }
    }
  },
  "root": "root",
  "version": 7
}
